{
  "name": "hexgrid",
  "version": "1.0.0",
  "lockfileVersion": 3,
  "requires": true,
  "packages": {
    "": {
      "name": "hexgrid",
      "version": "1.0.0",
      "license": "ISC",
      "dependencies": {
        "honeycomb-grid": "^4.1.5"
      }
    },
    "node_modules/honeycomb-grid": {
      "version": "4.1.5",
      "resolved": "https://registry.npmjs.org/honeycomb-grid/-/honeycomb-grid-4.1.5.tgz",
      "integrity": "sha512-VrnQwu5dHuzqK3wFhLD9EURmLSyEWb0teiHhDJq6WdK0MrFsEtKNYT1HLzXOLe2X1acU8Y9hhK7wWfIiGK1G5w==",
      "license": "MIT",
      "engines": {
        "node": ">=16"
      }
    }
  }
}
